
Microsoft Visual Studio Solution File, Format Version 12.00
# Visual Studio 14
VisualStudioVersion = 14.0.25420.1
MinimumVisualStudioVersion = 10.0.40219.1
Project("{FAE04EC0-301F-11D3-BF4B-00C04F79EFBC}") = "PS3 - Select", "PS3 - Select\PS3 - Select.csproj", "{D21091C3-517F-4F0C-ACDB-1732ED25A5ED}"
EndProject
Global
	GlobalSection(SolutionConfigurationPlatforms) = preSolution
		Debug|Any CPU = Debug|Any CPU
		Release|Any CPU = Release|Any CPU
	EndGlobalSection
	GlobalSection(ProjectConfigurationPlatforms) = postSolution
		{D21091C3-517F-4F0C-ACDB-1732ED25A5ED}.Debug|Any CPU.ActiveCfg = Debug|Any CPU
		{D21091C3-517F-4F0C-ACDB-1732ED25A5ED}.Debug|Any CPU.Build.0 = Debug|Any CPU
		{D21091C3-517F-4F0C-ACDB-1732ED25A5ED}.Release|Any CPU.ActiveCfg = Release|Any CPU
		{D21091C3-517F-4F0C-ACDB-1732ED25A5ED}.Release|Any CPU.Build.0 = Release|Any CPU
	EndGlobalSection
	GlobalSection(SolutionProperties) = preSolution
		HideSolutionNode = FALSE
	EndGlobalSection
EndGlobal
